// !$*UTF8*$!
{
	archiveVersion = 1;
	classes = {
	};
	objectVersion = 55;
	objects = {

/* Begin PBXBuildFile section */
		81DDF5452728979400852479 /* AppDelegate.swift in Sources */ = {isa = PBXBuildFile; fileRef = 81DDF5442728979400852479 /* AppDelegate.swift */; };
		81DDF5472728979400852479 /* SceneDelegate.swift in Sources */ = {isa = PBXBuildFile; fileRef = 81DDF5462728979400852479 /* SceneDelegate.swift */; };
		81DDF5492728979400852479 /* ViewController.swift in Sources */ = {isa = PBXBuildFile; fileRef = 81DDF5482728979400852479 /* ViewController.swift */; };
		81DDF54C2728979400852479 /* Main.storyboard in Resources */ = {isa = PBXBuildFile; fileRef = 81DDF54A2728979400852479 /* Main.storyboard */; };
		81DDF54F2728979400852479 /* FaceBook.xcdatamodeld in Sources */ = {isa = PBXBuildFile; fileRef = 81DDF54D2728979400852479 /* FaceBook.xcdatamodeld */; };
		81DDF5512728979900852479 /* Assets.xcassets in Resources */ = {isa = PBXBuildFile; fileRef = 81DDF5502728979900852479 /* Assets.xcassets */; };
		81DDF5542728979900852479 /* LaunchScreen.storyboard in Resources */ = {isa = PBXBuildFile; fileRef = 81DDF5522728979900852479 /* LaunchScreen.storyboard */; };
		81DDF55F2728979A00852479 /* FaceBookTests.swift in Sources */ = {isa = PBXBuildFile; fileRef = 81DDF55E2728979A00852479 /* FaceBookTests.swift */; };
		81DDF5692728979A00852479 /* FaceBookUITests.swift in Sources */ = {isa = PBXBuildFile; fileRef = 81DDF5682728979A00852479 /* FaceBookUITests.swift */; };
		81DDF56B2728979A00852479 /* FaceBookUITestsLaunchTests.swift in Sources */ = {isa = PBXBuildFile; fileRef = 81DDF56A2728979A00852479 /* FaceBookUITestsLaunchTests.swift */; };
		81DDF5782728A88F00852479 /* UsersViewController.swift in Sources */ = {isa = PBXBuildFile; fileRef = 81DDF5772728A88F00852479 /* UsersViewController.swift */; };
		81DDF5BD2729C9FA00852479 /* WelcomeViewController.swift in Sources */ = {isa = PBXBuildFile; fileRef = 81DDF5BC2729C9FA00852479 /* WelcomeViewController.swift */; };
/* End PBXBuildFile section */

/* Begin PBXContainerItemProxy section */
		81DDF55B2728979A00852479 /* PBXContainerItemProxy */ = {
			isa = PBXContainerItemProxy;
			containerPortal = 81DDF5392728979400852479 /* Project object */;
			proxyType = 1;
			remoteGlobalIDString = 81DDF5402728979400852479;
			remoteInfo = FaceBook;
		};
		81DDF5652728979A00852479 /* PBXContainerItemProxy */ = {
			isa = PBXContainerItemProxy;
			containerPortal = 81DDF5392728979400852479 /* Project object */;
			proxyType = 1;
			remoteGlobalIDString = 81DDF5402728979400852479;
			remoteInfo = FaceBook;
		};
/* End PBXContainerItemProxy section */

/* Begin PBXFileReference section */
		81DDF5412728979400852479 /* FaceBook.app */ = {isa = PBXFileReference; explicitFileType = wrapper.application; includeInIndex = 0; path = FaceBook.app; sourceTree = BUILT_PRODUCTS_DIR; };
		81DDF5442728979400852479 /* AppDelegate.swift */ = {isa = PBXFileReference; lastKnownFileType = sourcecode.swift; path = AppDelegate.swift; sourceTree = "<group>"; };
		81DDF5462728979400852479 /* SceneDelegate.swift */ = {isa = PBXFileReference; lastKnownFileType = sourcecode.swift; path = SceneDelegate.swift; sourceTree = "<group>"; };
		81DDF5482728979400852479 /* ViewController.swift */ = {isa = PBXFileReference; lastKnownFileType = sourcecode.swift; path = ViewController.swift; sourceTree = "<group>"; };
		81DDF54B2728979400852479 /* Base */ = {isa = PBXFileReference; lastKnownFileType = file.storyboard; name = Base; path = Base.lproj/Main.storyboard; sourceTree = "<group>"; };
		81DDF54E2728979400852479 /* FaceBook.xcdatamodel */ = {isa = PBXFileReference; lastKnownFileType = wrapper.xcdatamodel; path = FaceBook.xcdatamodel; sourceTree = "<group>"; };
		81DDF5502728979900852479 /* Assets.xcassets */ = {isa = PBXFileReference; lastKnownFileType = folder.assetcatalog; path = Assets.xcassets; sourceTree = "<group>"; };
		81DDF5532728979900852479 /* Base */ = {isa = PBXFileReference; lastKnownFileType = file.storyboard; name = Base; path = Base.lproj/LaunchScreen.storyboard; sourceTree = "<group>"; };
		81DDF5552728979900852479 /* Info.plist */ = {isa = PBXFileReference; lastKnownFileType = text.plist.xml; path = Info.plist; sourceTree = "<group>"; };
		81DDF55A2728979A00852479 /* FaceBookTests.xctest */ = {isa = PBXFileReference; explicitFileType = wrapper.cfbundle; includeInIndex = 0; path = FaceBookTests.xctest; sourceTree = BUILT_PRODUCTS_DIR; };
		81DDF55E2728979A00852479 /* FaceBookTests.swift */ = {isa = PBXFileReference; lastKnownFileType = sourcecode.swift; path = FaceBookTests.swift; sourceTree = "<group>"; };
		81DDF5642728979A00852479 /* FaceBookUITests.xctest */ = {isa = PBXFileReference; explicitFileType = wrapper.cfbundle; includeInIndex = 0; path = FaceBookUITests.xctest; sourceTree = BUILT_PRODUCTS_DIR; };
		81DDF5682728979A00852479 /* FaceBookUITests.swift */ = {isa = PBXFileReference; lastKnownFileType = sourcecode.swift; path = FaceBookUITests.swift; sourceTree = "<group>"; };
		81DDF56A2728979A00852479 /* FaceBookUITestsLaunchTests.swift */ = {isa = PBXFileReference; lastKnownFileType = sourcecode.swift; path = FaceBookUITestsLaunchTests.swift; sourceTree = "<group>"; };
		81DDF5772728A88F00852479 /* UsersViewController.swift */ = {isa = PBXFileReference; lastKnownFileType = sourcecode.swift; path = UsersViewController.swift; sourceTree = "<group>"; };
		81DDF5BC2729C9FA00852479 /* WelcomeViewController.swift */ = {isa = PBXFileReference; lastKnownFileType = sourcecode.swift; path = WelcomeViewController.swift; sourceTree = "<group>"; };
/* End PBXFileReference section */

/* Begin PBXFrameworksBuildPhase section */
		81DDF53E2728979400852479 /* Frameworks */ = {
			isa = PBXFrameworksBuildPhase;
			buildActionMask = 2147483647;
			files = (
			);
			runOnlyForDeploymentPostprocessing = 0;
		};
		81DDF5572728979A00852479 /* Frameworks */ = {
			isa = PBXFrameworksBuildPhase;
			buildActionMask = 2147483647;
			files = (
			);
			runOnlyForDeploymentPostprocessing = 0;
		};
		81DDF5612728979A00852479 /* Frameworks */ = {
			isa = PBXFrameworksBuildPhase;
			buildActionMask = 2147483647;
			files = (
			);
			runOnlyForDeploymentPostprocessing = 0;
		};
/* End PBXFrameworksBuildPhase section */

/* Begin PBXGroup section */
		81DDF5382728979400852479 = {
			isa = PBXGroup;
			children = (
				81DDF5432728979400852479 /* FaceBook */,
				81DDF55D2728979A00852479 /* FaceBookTests */,
				81DDF5672728979A00852479 /* FaceBookUITests */,
				81DDF5422728979400852479 /* Products */,
			);
			sourceTree = "<group>";
		};
		81DDF5422728979400852479 /* Products */ = {
			isa = PBXGroup;
			children = (
				81DDF5412728979400852479 /* FaceBook.app */,
				81DDF55A2728979A00852479 /* FaceBookTests.xctest */,
				81DDF5642728979A00852479 /* FaceBookUITests.xctest */,
			);
			name = Products;
			sourceTree = "<group>";
		};
		81DDF5432728979400852479 /* FaceBook */ = {
			isa = PBXGroup;
			children = (
				81DDF5442728979400852479 /* AppDelegate.swift */,
				81DDF5462728979400852479 /* SceneDelegate.swift */,
				81DDF5772728A88F00852479 /* UsersViewController.swift */,
				81DDF5482728979400852479 /* ViewController.swift */,
				81DDF5BC2729C9FA00852479 /* WelcomeViewController.swift */,
				81DDF54A2728979400852479 /* Main.storyboard */,
				81DDF5502728979900852479 /* Assets.xcassets */,
				81DDF5522728979900852479 /* LaunchScreen.storyboard */,
				81DDF5552728979900852479 /* Info.plist */,
				81DDF54D2728979400852479 /* FaceBook.xcdatamodeld */,
			);
			path = FaceBook;
			sourceTree = "<group>";
		};
		81DDF55D2728979A00852479 /* FaceBookTests */ = {
			isa = PBXGroup;
			children = (
				81DDF55E2728979A00852479 /* FaceBookTests.swift */,
			);
			path = FaceBookTests;
			sourceTree = "<group>";
		};
		81DDF5672728979A00852479 /* FaceBookUITests */ = {
			isa = PBXGroup;
			children = (
				81DDF5682728979A00852479 /* FaceBookUITests.swift */,
				81DDF56A2728979A00852479 /* FaceBookUITestsLaunchTests.swift */,
			);
			path = FaceBookUITests;
			sourceTree = "<group>";
		};
/* End PBXGroup section */

/* Begin PBXNativeTarget section */
		81DDF5402728979400852479 /* FaceBook */ = {
			isa = PBXNativeTarget;
			buildConfigurationList = 81DDF56E2728979A00852479 /* Build configuration list for PBXNativeTarget "FaceBook" */;
			buildPhases = (
				81DDF53D2728979400852479 /* Sources */,
				81DDF53E2728979400852479 /* Frameworks */,
				81DDF53F2728979400852479 /* Resources */,
			);
			buildRules = (
			);
			dependencies = (
			);
			name = FaceBook;
			productName = FaceBook;
			productReference = 81DDF5412728979400852479 /* FaceBook.app */;
			productType = "com.apple.product-type.application";
		};
		81DDF5592728979A00852479 /* FaceBookTests */ = {
			isa = PBXNativeTarget;
			buildConfigurationList = 81DDF5712728979A00852479 /* Build configuration list for PBXNativeTarget "FaceBookTests" */;
			buildPhases = (
				81DDF5562728979A00852479 /* Sources */,
				81DDF5572728979A00852479 /* Frameworks */,
				81DDF5582728979A00852479 /* Resources */,
			);
			buildRules = (
			);
			dependencies = (
				81DDF55C2728979A00852479 /* PBXTargetDependency */,
			);
			name = FaceBookTests;
			productName = FaceBookTests;
			productReference = 81DDF55A2728979A00852479 /* FaceBookTests.xctest */;
			productType = "com.apple.product-type.bundle.unit-test";
		};
		81DDF5632728979A00852479 /* FaceBookUITests */ = {
			isa = PBXNativeTarget;
			buildConfigurationList = 81DDF5742728979A00852479 /* Build configuration list for PBXNativeTarget "FaceBookUITests" */;
			buildPhases = (
				81DDF5602728979A00852479 /* Sources */,
				81DDF5612728979A00852479 /* Frameworks */,
				81DDF5622728979A00852479 /* Resources */,
			);
			buildRules = (
			);
			dependencies = (
				81DDF5662728979A00852479 /* PBXTargetDependency */,
			);
			name = FaceBookUITests;
			productName = FaceBookUITests;
			productReference = 81DDF5642728979A00852479 /* FaceBookUITests.xctest */;
			productType = "com.apple.product-type.bundle.ui-testing";
		};
/* End PBXNativeTarget section */

/* Begin PBXProject section */
		81DDF5392728979400852479 /* Project object */ = {
			isa = PBXProject;
			attributes = {
				BuildIndependentTargetsInParallel = 1;
				LastSwiftUpdateCheck = 1300;
				LastUpgradeCheck = 1300;
				TargetAttributes = {
					81DDF5402728979400852479 = {
						CreatedOnToolsVersion = 13.0;
					};
					81DDF5592728979A00852479 = {
						CreatedOnToolsVersion = 13.0;
						TestTargetID = 81DDF5402728979400852479;
					};
					81DDF5632728979A00852479 = {
						CreatedOnToolsVersion = 13.0;
						TestTargetID = 81DDF5402728979400852479;
					};
				};
			};
			buildConfigurationList = 81DDF53C2728979400852479 /* Build configuration list for PBXProject "FaceBook" */;
			compatibilityVersion = "Xcode 13.0";
			developmentRegion = en;
			hasScannedForEncodings = 0;
			knownRegions = (
				en,
				Base,
			);
			mainGroup = 81DDF5382728979400852479;
			productRefGroup = 81DDF5422728979400852479 /* Products */;
			projectDirPath = "";
			projectRoot = "";
			targets = (
				81DDF5402728979400852479 /* FaceBook */,
				81DDF5592728979A00852479 /* FaceBookTests */,
				81DDF5632728979A00852479 /* FaceBookUITests */,
			);
		};
/* End PBXProject section */

/* Begin PBXResourcesBuildPhase section */
		81DDF53F2728979400852479 /* Resources */ = {
			isa = PBXResourcesBuildPhase;
			buildActionMask = 2147483647;
			files = (
				81DDF5542728979900852479 /* LaunchScreen.storyboard in Resources */,
				81DDF5512728979900852479 /* Assets.xcassets in Resources */,
				81DDF54C2728979400852479 /* Main.storyboard in Resources */,
			);
			runOnlyForDeploymentPostprocessing = 0;
		};
		81DDF5582728979A00852479 /* Resources */ = {
			isa = PBXResourcesBuildPhase;
			buildActionMask = 2147483647;
			files = (
			);
			runOnlyForDeploymentPostprocessing = 0;
		};
		81DDF5622728979A00852479 /* Resources */ = {
			isa = PBXResourcesBuildPhase;
			buildActionMask = 2147483647;
			files = (
			);
			runOnlyForDeploymentPostprocessing = 0;
		};
/* End PBXResourcesBuildPhase section */

/* Begin PBXSourcesBuildPhase section */
		81DDF53D2728979400852479 /* Sources */ = {
			isa = PBXSourcesBuildPhase;
			buildActionMask = 2147483647;
			files = (
				81DDF5492728979400852479 /* ViewController.swift in Sources */,
				81DDF5452728979400852479 /* AppDelegate.swift in Sources */,
				81DDF5782728A88F00852479 /* UsersViewController.swift in Sources */,
				81DDF5BD2729C9FA00852479 /* WelcomeViewController.swift in Sources */,
				81DDF5472728979400852479 /* SceneDelegate.swift in Sources */,
				81DDF54F2728979400852479 /* FaceBook.xcdatamodeld in Sources */,
			);
			runOnlyForDeploymentPostprocessing = 0;
		};
		81DDF5562728979A00852479 /* Sources */ = {
			isa = PBXSourcesBuildPhase;
			buildActionMask = 2147483647;
			files = (
				81DDF55F2728979A00852479 /* FaceBookTests.swift in Sources */,
			);
			runOnlyForDeploymentPostprocessing = 0;
		};
		81DDF5602728979A00852479 /* Sources */ = {
			isa = PBXSourcesBuildPhase;
			buildActionMask = 2147483647;
			files = (
				81DDF56B2728979A00852479 /* FaceBookUITestsLaunchTests.swift in Sources */,
				81DDF5692728979A00852479 /* FaceBookUITests.swift in Sources */,
			);
			runOnlyForDeploymentPostprocessing = 0;
		};
/* End PBXSourcesBuildPhase section */

/* Begin PBXTargetDependency section */
		81DDF55C2728979A00852479 /* PBXTargetDependency */ = {
			isa = PBXTargetDependency;
			target = 81DDF5402728979400852479 /* FaceBook */;
			targetProxy = 81DDF55B2728979A00852479 /* PBXContainerItemProxy */;
		};
		81DDF5662728979A00852479 /* PBXTargetDependency */ = {
			isa = PBXTargetDependency;
			target = 81DDF5402728979400852479 /* FaceBook */;
			targetProxy = 81DDF5652728979A00852479 /* PBXContainerItemProxy */;
		};
/* End PBXTargetDependency section */

/* Begin PBXVariantGroup section */
		81DDF54A2728979400852479 /* Main.storyboard */ = {
			isa = PBXVariantGroup;
			children = (
				81DDF54B2728979400852479 /* Base */,
			);
			name = Main.storyboard;
			sourceTree = "<group>";
		};
		81DDF5522728979900852479 /* LaunchScreen.storyboard */ = {
			isa = PBXVariantGroup;
			children = (
				81DDF5532728979900852479 /* Base */,
			);
			name = LaunchScreen.storyboard;
			sourceTree = "<group>";
		};
/* End PBXVariantGroup section */

/* Begin XCBuildConfiguration section */
		81DDF56C2728979A00852479 /* Debug */ = {
			isa = XCBuildConfiguration;
			buildSettings = {
				ALWAYS_SEARCH_USER_PATHS = NO;
				CLANG_ANALYZER_NONNULL = YES;
				CLANG_ANALYZER_NUMBER_OBJECT_CONVERSION = YES_AGGRESSIVE;
				CLANG_CXX_LANGUAGE_STANDARD = "gnu++17";
				CLANG_CXX_LIBRARY = "libc++";
				CLANG_ENABLE_MODULES = YES;
				CLANG_ENABLE_OBJC_ARC = YES;
				CLANG_ENABLE_OBJC_WEAK = YES;
				CLANG_WARN_BLOCK_CAPTURE_AUTORELEASING = YES;
				CLANG_WARN_BOOL_CONVERSION = YES;
				CLANG_WARN_COMMA = YES;
				CLANG_WARN_CONSTANT_CONVERSION = YES;
				CLANG_WARN_DEPRECATED_OBJC_IMPLEMENTATIONS = YES;
				CLANG_WARN_DIRECT_OBJC_ISA_USAGE = YES_ERROR;
				CLANG_WARN_DOCUMENTATION_COMMENTS = YES;
				CLANG_WARN_EMPTY_BODY = YES;
				CLANG_WARN_ENUM_CONVERSION = YES;
				CLANG_WARN_INFINITE_RECURSION = YES;
				CLANG_WARN_INT_CONVERSION = YES;
				CLANG_WARN_NON_LITERAL_NULL_CONVERSION = YES;
				CLANG_WARN_OBJC_IMPLICIT_RETAIN_SELF = YES;
				CLANG_WARN_OBJC_LITERAL_CONVERSION = YES;
				CLANG_WARN_OBJC_ROOT_CLASS = YES_ERROR;
				CLANG_WARN_QUOTED_INCLUDE_IN_FRAMEWORK_HEADER = YES;
				CLANG_WARN_RANGE_LOOP_ANALYSIS = YES;
				CLANG_WARN_STRICT_PROTOTYPES = YES;
				CLANG_WARN_SUSPICIOUS_MOVE = YES;
				CLANG_WARN_UNGUARDED_AVAILABILITY = YES_AGGRESSIVE;
				CLANG_WARN_UNREACHABLE_CODE = YES;
				CLANG_WARN__DUPLICATE_METHOD_MATCH = YES;
				COPY_PHASE_STRIP = NO;
				DEBUG_INFORMATION_FORMAT = dwarf;
				ENABLE_STRICT_OBJC_MSGSEND = YES;
				ENABLE_TESTABILITY = YES;
				GCC_C_LANGUAGE_STANDARD = gnu11;
				GCC_DYNAMIC_NO_PIC = NO;
				GCC_NO_COMMON_BLOCKS = YES;
				GCC_OPTIMIZATION_LEVEL = 0;
				GCC_PREPROCESSOR_DEFINITIONS = (
					"DEBUG=1",
					"$(inherited)",
				);
				GCC_WARN_64_TO_32_BIT_CONVERSION = YES;
				GCC_WARN_ABOUT_RETURN_TYPE = YES_ERROR;
				GCC_WARN_UNDECLARED_SELECTOR = YES;
				GCC_WARN_UNINITIALIZED_AUTOS = YES_AGGRESSIVE;
				GCC_WARN_UNUSED_FUNCTION = YES;
				GCC_WARN_UNUSED_VARIABLE = YES;
				IPHONEOS_DEPLOYMENT_TARGET = 15.0;
				MTL_ENABLE_DEBUG_INFO = INCLUDE_SOURCE;
				MTL_FAST_MATH = YES;
				ONLY_ACTIVE_ARCH = YES;
				SDKROOT = iphoneos;
				SWIFT_ACTIVE_COMPILATION_CONDITIONS = DEBUG;
				SWIFT_OPTIMIZATION_LEVEL = "-Onone";
			};
			name = Debug;
		};
		81DDF56D2728979A00852479 /* Release */ = {
			isa = XCBuildConfiguration;
			buildSettings = {
				ALWAYS_SEARCH_USER_PATHS = NO;
				CLANG_ANALYZER_NONNULL = YES;
				CLANG_ANALYZER_NUMBER_OBJECT_CONVERSION = YES_AGGRESSIVE;
				CLANG_CXX_LANGUAGE_STANDARD = "gnu++17";
				CLANG_CXX_LIBRARY = "libc++";
				CLANG_ENABLE_MODULES = YES;
				CLANG_ENABLE_OBJC_ARC = YES;
				CLANG_ENABLE_OBJC_WEAK = YES;
				CLANG_WARN_BLOCK_CAPTURE_AUTORELEASING = YES;
				CLANG_WARN_BOOL_CONVERSION = YES;
				CLANG_WARN_COMMA = YES;
				CLANG_WARN_CONSTANT_CONVERSION = YES;
				CLANG_WARN_DEPRECATED_OBJC_IMPLEMENTATIONS = YES;
				CLANG_WARN_DIRECT_OBJC_ISA_USAGE = YES_ERROR;
				CLANG_WARN_DOCUMENTATION_COMMENTS = YES;
				CLANG_WARN_EMPTY_BODY = YES;
				CLANG_WARN_ENUM_CONVERSION = YES;
				CLANG_WARN_INFINITE_RECURSION = YES;
				CLANG_WARN_INT_CONVERSION = YES;
				CLANG_WARN_NON_LITERAL_NULL_CONVERSION = YES;
				CLANG_WARN_OBJC_IMPLICIT_RETAIN_SELF = YES;
				CLANG_WARN_OBJC_LITERAL_CONVERSION = YES;
				CLANG_WARN_OBJC_ROOT_CLASS = YES_ERROR;
				CLANG_WARN_QUOTED_INCLUDE_IN_FRAMEWORK_HEADER = YES;
				CLANG_WARN_RANGE_LOOP_ANALYSIS = YES;
				CLANG_WARN_STRICT_PROTOTYPES = YES;
				CLANG_WARN_SUSPICIOUS_MOVE = YES;
				CLANG_WARN_UNGUARDED_AVAILABILITY = YES_AGGRESSIVE;
				CLANG_WARN_UNREACHABLE_CODE = YES;
				CLANG_WARN__DUPLICATE_METHOD_MATCH = YES;
				COPY_PHASE_STRIP = NO;
				DEBUG_INFORMATION_FORMAT = "dwarf-with-dsym";
				ENABLE_NS_ASSERTIONS = NO;
				ENABLE_STRICT_OBJC_MSGSEND = YES;
				GCC_C_LANGUAGE_STANDARD = gnu11;
				GCC_NO_COMMON_BLOCKS = YES;
				GCC_WARN_64_TO_32_BIT_CONVERSION = YES;
				GCC_WARN_ABOUT_RETURN_TYPE = YES_ERROR;
				GCC_WARN_UNDECLARED_SELECTOR = YES;
				GCC_WARN_UNINITIALIZED_AUTOS = YES_AGGRESSIVE;
				GCC_WARN_UNUSED_FUNCTION = YES;
				GCC_WARN_UNUSED_VARIABLE = YES;
				IPHONEOS_DEPLOYMENT_TARGET = 15.0;
				MTL_ENABLE_DEBUG_INFO = NO;
				MTL_FAST_MATH = YES;
				SDKROOT = iphoneos;
				SWIFT_COMPILATION_MODE = wholemodule;
				SWIFT_OPTIMIZATION_LEVEL = "-O";
				VALIDATE_PRODUCT = YES;
			};
			name = Release;
		};
		81DDF56F2728979A00852479 /* Debug */ = {
			isa = XCBuildConfiguration;
			buildSettings = {
				ASSETCATALOG_COMPILER_APPICON_NAME = AppIcon;
				ASSETCATALOG_COMPILER_GLOBAL_ACCENT_COLOR_NAME = AccentColor;
				CODE_SIGN_STYLE = Automatic;
				CURRENT_PROJECT_VERSION = 1;
				DEVELOPMENT_TEAM = SCQ9H3W7RR;
				GENERATE_INFOPLIST_FILE = YES;
				INFOPLIST_FILE = FaceBook/Info.plist;
				INFOPLIST_KEY_UIApplicationSupportsIndirectInputEvents = YES;
				INFOPLIST_KEY_UILaunchStoryboardName = LaunchScreen;
				INFOPLIST_KEY_UIMainStoryboardFile = Main;
				INFOPLIST_KEY_UISupportedInterfaceOrientations_iPad = "UIInterfaceOrientationPortrait UIInterfaceOrientationPortraitUpsideDown UIInterfaceOrientationLandscapeLeft UIInterfaceOrientationLandscapeRight";
				INFOPLIST_KEY_UISupportedInterfaceOrientations_iPhone = "UIInterfaceOrientationPortrait UIInterfaceOrientationLandscapeLeft UIInterfaceOrientationLandscapeRight";
				LD_RUNPATH_SEARCH_PATHS = (
					"$(inherited)",
					"@executable_path/Frameworks",
				);
				MARKETING_VERSION = 1.0;
				PRODUCT_BUNDLE_IDENTIFIER = timatika.FaceBook;
				PRODUCT_NAME = "$(TARGET_NAME)";
				SWIFT_EMIT_LOC_STRINGS = YES;
				SWIFT_VERSION = 5.0;
				TARGETED_DEVICE_FAMILY = "1,2";
			};
			name = Debug;
		};
		81DDF5702728979A00852479 /* Release */ = {
			isa = XCBuildConfiguration;
			buildSettings = {
				ASSETCATALOG_COMPILER_APPICON_NAME = AppIcon;
				ASSETCATALOG_COMPILER_GLOBAL_ACCENT_COLOR_NAME = AccentColor;
				CODE_SIGN_STYLE = Automatic;
				CURRENT_PROJECT_VERSION = 1;
				DEVELOPMENT_TEAM = SCQ9H3W7RR;
				GENERATE_INFOPLIST_FILE = YES;
				INFOPLIST_FILE = FaceBook/Info.plist;
				INFOPLIST_KEY_UIApplicationSupportsIndirectInputEvents = YES;
				INFOPLIST_KEY_UILaunchStoryboardName = LaunchScreen;
				INFOPLIST_KEY_UIMainStoryboardFile = Main;
				INFOPLIST_KEY_UISupportedInterfaceOrientations_iPad = "UIInterfaceOrientationPortrait UIInterfaceOrientationPortraitUpsideDown UIInterfaceOrientationLandscapeLeft UIInterfaceOrientationLandscapeRight";
				INFOPLIST_KEY_UISupportedInterfaceOrientations_iPhone = "UIInterfaceOrientationPortrait UIInterfaceOrientationLandscapeLeft UIInterfaceOrientationLandscapeRight";
				LD_RUNPATH_SEARCH_PATHS = (
					"$(inherited)",
					"@executable_path/Frameworks",
				);
				MARKETING_VERSION = 1.0;
				PRODUCT_BUNDLE_IDENTIFIER = timatika.FaceBook;
				PRODUCT_NAME = "$(TARGET_NAME)";
				SWIFT_EMIT_LOC_STRINGS = YES;
				SWIFT_VERSION = 5.0;
				TARGETED_DEVICE_FAMILY = "1,2";
			};
			name = Release;
		};
		81DDF5722728979A00852479 /* Debug */ = {
			isa = XCBuildConfiguration;
			buildSettings = {
				ALWAYS_EMBED_SWIFT_STANDARD_LIBRARIES = YES;
				BUNDLE_LOADER = "$(TEST_HOST)";
				CODE_SIGN_STYLE = Automatic;
				CURRENT_PROJECT_VERSION = 1;
				DEVELOPMENT_TEAM = SCQ9H3W7RR;
				GENERATE_INFOPLIST_FILE = YES;
				IPHONEOS_DEPLOYMENT_TARGET = 15.0;
				LD_RUNPATH_SEARCH_PATHS = (
					"$(inherited)",
					"@executable_path/Frameworks",
					"@loader_path/Frameworks",
				);
				MARKETING_VERSION = 1.0;
				PRODUCT_BUNDLE_IDENTIFIER = timatika.FaceBookTests;
				PRODUCT_NAME = "$(TARGET_NAME)";
				SWIFT_EMIT_LOC_STRINGS = NO;
				SWIFT_VERSION = 5.0;
				TARGETED_DEVICE_FAMILY = "1,2";
				TEST_HOST = "$(BUILT_PRODUCTS_DIR)/FaceBook.app/FaceBook";
			};
			name = Debug;
		};
		81DDF5732728979A00852479 /* Release */ = {
			isa = XCBuildConfiguration;
			buildSettings = {
				ALWAYS_EMBED_SWIFT_STANDARD_LIBRARIES = YES;
				BUNDLE_LOADER = "$(TEST_HOST)";
				CODE_SIGN_STYLE = Automatic;
				CURRENT_PROJECT_VERSION = 1;
				DEVELOPMENT_TEAM = SCQ9H3W7RR;
				GENERATE_INFOPLIST_FILE = YES;
				IPHONEOS_DEPLOYMENT_TARGET = 15.0;
				LD_RUNPATH_SEARCH_PATHS = (
					"$(inherited)",
					"@executable_path/Frameworks",
					"@loader_path/Frameworks",
				);
				MARKETING_VERSION = 1.0;
				PRODUCT_BUNDLE_IDENTIFIER = timatika.FaceBookTests;
				PRODUCT_NAME = "$(TARGET_NAME)";
				SWIFT_EMIT_LOC_STRINGS = NO;
				SWIFT_VERSION = 5.0;
				TARGETED_DEVICE_FAMILY = "1,2";
				TEST_HOST = "$(BUILT_PRODUCTS_DIR)/FaceBook.app/FaceBook";
			};
			name = Release;
		};
		81DDF5752728979A00852479 /* Debug */ = {
			isa = XCBuildConfiguration;
			buildSettings = {
				ALWAYS_EMBED_SWIFT_STANDARD_LIBRARIES = YES;
				CODE_SIGN_STYLE = Automatic;
				CURRENT_PROJECT_VERSION = 1;
				DEVELOPMENT_TEAM = SCQ9H3W7RR;
				GENERATE_INFOPLIST_FILE = YES;
				LD_RUNPATH_SEARCH_PATHS = (
					"$(inherited)",
					"@executable_path/Frameworks",
					"@loader_path/Frameworks",
				);
				MARKETING_VERSION = 1.0;
				PRODUCT_BUNDLE_IDENTIFIER = timatika.FaceBookUITests;
				PRODUCT_NAME = "$(TARGET_NAME)";
				SWIFT_EMIT_LOC_STRINGS = NO;
				SWIFT_VERSION = 5.0;
				TARGETED_DEVICE_FAMILY = "1,2";
				TEST_TARGET_NAME = FaceBook;
			};
			name = Debug;
		};
		81DDF5762728979A00852479 /* Release */ = {
			isa = XCBuildConfiguration;
			buildSettings = {
				ALWAYS_EMBED_SWIFT_STANDARD_LIBRARIES = YES;
				CODE_SIGN_STYLE = Automatic;
				CURRENT_PROJECT_VERSION = 1;
				DEVELOPMENT_TEAM = SCQ9H3W7RR;
				GENERATE_INFOPLIST_FILE = YES;
				LD_RUNPATH_SEARCH_PATHS = (
					"$(inherited)",
					"@executable_path/Frameworks",
					"@loader_path/Frameworks",
				);
				MARKETING_VERSION = 1.0;
				PRODUCT_BUNDLE_IDENTIFIER = timatika.FaceBookUITests;
				PRODUCT_NAME = "$(TARGET_NAME)";
				SWIFT_EMIT_LOC_STRINGS = NO;
				SWIFT_VERSION = 5.0;
				TARGETED_DEVICE_FAMILY = "1,2";
				TEST_TARGET_NAME = FaceBook;
			};
			name = Release;
		};
/* End XCBuildConfiguration section */

/* Begin XCConfigurationList section */
		81DDF53C2728979400852479 /* Build configuration list for PBXProject "FaceBook" */ = {
			isa = XCConfigurationList;
			buildConfigurations = (
				81DDF56C2728979A00852479 /* Debug */,
				81DDF56D2728979A00852479 /* Release */,
			);
			defaultConfigurationIsVisible = 0;
			defaultConfigurationName = Release;
		};
		81DDF56E2728979A00852479 /* Build configuration list for PBXNativeTarget "FaceBook" */ = {
			isa = XCConfigurationList;
			buildConfigurations = (
				81DDF56F2728979A00852479 /* Debug */,
				81DDF5702728979A00852479 /* Release */,
			);
			defaultConfigurationIsVisible = 0;
			defaultConfigurationName = Release;
		};
		81DDF5712728979A00852479 /* Build configuration list for PBXNativeTarget "FaceBookTests" */ = {
			isa = XCConfigurationList;
			buildConfigurations = (
				81DDF5722728979A00852479 /* Debug */,
				81DDF5732728979A00852479 /* Release */,
			);
			defaultConfigurationIsVisible = 0;
			defaultConfigurationName = Release;
		};
		81DDF5742728979A00852479 /* Build configuration list for PBXNativeTarget "FaceBookUITests" */ = {
			isa = XCConfigurationList;
			buildConfigurations = (
				81DDF5752728979A00852479 /* Debug */,
				81DDF5762728979A00852479 /* Release */,
			);
			defaultConfigurationIsVisible = 0;
			defaultConfigurationName = Release;
		};
/* End XCConfigurationList section */

/* Begin XCVersionGroup section */
		81DDF54D2728979400852479 /* FaceBook.xcdatamodeld */ = {
			isa = XCVersionGroup;
			children = (
				81DDF54E2728979400852479 /* FaceBook.xcdatamodel */,
			);
			currentVersion = 81DDF54E2728979400852479 /* FaceBook.xcdatamodel */;
			path = FaceBook.xcdatamodeld;
			sourceTree = "<group>";
			versionGroupType = wrapper.xcdatamodel;
		};
/* End XCVersionGroup section */
	};
	rootObject = 81DDF5392728979400852479 /* Project object */;
}
